
Microsoft Visual Studio Solution File, Format Version 12.00
# Visual Studio Version 16
VisualStudioVersion = 16.0.31112.23
MinimumVisualStudioVersion = 10.0.40219.1
Project("{2150E333-8FDC-42A3-9474-1A3956D46DE8}") = "3-Service", "3-Service", "{F332D047-B9A7-4B85-8359-9328589BED29}"
EndProject
Project("{2150E333-8FDC-42A3-9474-1A3956D46DE8}") = "5-Tests", "5-Tests", "{999D48DF-22BC-40B8-A8C4-A9B5760B77AC}"
EndProject
Project("{9A19103F-16F7-4668-BE54-9A1E7A4F7556}") = "Klir.TechChallenge.Web.Front", "angular\Klir.TechChallenge.Web.Front.csproj", "{7C53E485-14DD-4017-A992-193A405530AB}"
EndProject
Project("{9A19103F-16F7-4668-BE54-9A1E7A4F7556}") = "Klir.TechChallenge.Web.Api", "aspnet-core\Klir.TechChallenge.Web.Api\Klir.TechChallenge.Web.Api.csproj", "{82716132-B9B0-4629-9D72-6D5E42F3EEDD}"
EndProject
Project("{9A19103F-16F7-4668-BE54-9A1E7A4F7556}") = "Klir.TechChallenge.Tests", "aspnet-core\Klir.TechChallenge.Tests\Klir.TechChallenge.Tests.csproj", "{2698738B-6626-4968-814F-6B22068ACAEF}"
EndProject
Project("{2150E333-8FDC-42A3-9474-1A3956D46DE8}") = "1-Application", "1-Application", "{43BC4DE2-2D40-4CAC-9597-5BF6AFCC8903}"
EndProject
Project("{2150E333-8FDC-42A3-9474-1A3956D46DE8}") = "4-Infra", "4-Infra", "{58B68E22-17E0-4C13-970E-B147AB01CA36}"
EndProject
Project("{2150E333-8FDC-42A3-9474-1A3956D46DE8}") = "2-Domain", "2-Domain", "{EDA85431-EA12-41C6-842E-5BF9DD194E99}"
EndProject
Project("{9A19103F-16F7-4668-BE54-9A1E7A4F7556}") = "Klir.TechChallenge.Domain", "aspnet-core\Klir.TechChallenge.Domain\Klir.TechChallenge.Domain.csproj", "{5925F9F1-E387-498D-BD1F-0426183FC350}"
EndProject
Project("{9A19103F-16F7-4668-BE54-9A1E7A4F7556}") = "Klir.TechChallenge.Infra.Data", "aspnet-core\Klir.TechChallenge.Infra.Data\Klir.TechChallenge.Infra.Data.csproj", "{0660366E-1C4B-4830-AC83-8E7D72AEB8FC}"
EndProject
Project("{9A19103F-16F7-4668-BE54-9A1E7A4F7556}") = "Klir.TechChallenge.Infra.IoC", "aspnet-core\Klir.TechChallenge.Infra.IoC\Klir.TechChallenge.Infra.IoC.csproj", "{2070C84F-7EED-49A0-A1E3-875FAD1E18C7}"
EndProject
Global
	GlobalSection(SolutionConfigurationPlatforms) = preSolution
		Debug|Any CPU = Debug|Any CPU
		Release|Any CPU = Release|Any CPU
	EndGlobalSection
	GlobalSection(ProjectConfigurationPlatforms) = postSolution
		{7C53E485-14DD-4017-A992-193A405530AB}.Debug|Any CPU.ActiveCfg = Debug|Any CPU
		{7C53E485-14DD-4017-A992-193A405530AB}.Release|Any CPU.ActiveCfg = Release|Any CPU
		{7C53E485-14DD-4017-A992-193A405530AB}.Release|Any CPU.Build.0 = Release|Any CPU
		{82716132-B9B0-4629-9D72-6D5E42F3EEDD}.Debug|Any CPU.ActiveCfg = Debug|Any CPU
		{82716132-B9B0-4629-9D72-6D5E42F3EEDD}.Debug|Any CPU.Build.0 = Debug|Any CPU
		{82716132-B9B0-4629-9D72-6D5E42F3EEDD}.Release|Any CPU.ActiveCfg = Release|Any CPU
		{82716132-B9B0-4629-9D72-6D5E42F3EEDD}.Release|Any CPU.Build.0 = Release|Any CPU
		{2698738B-6626-4968-814F-6B22068ACAEF}.Debug|Any CPU.ActiveCfg = Debug|Any CPU
		{2698738B-6626-4968-814F-6B22068ACAEF}.Debug|Any CPU.Build.0 = Debug|Any CPU
		{2698738B-6626-4968-814F-6B22068ACAEF}.Release|Any CPU.ActiveCfg = Release|Any CPU
		{2698738B-6626-4968-814F-6B22068ACAEF}.Release|Any CPU.Build.0 = Release|Any CPU
		{5925F9F1-E387-498D-BD1F-0426183FC350}.Debug|Any CPU.ActiveCfg = Debug|Any CPU
		{5925F9F1-E387-498D-BD1F-0426183FC350}.Debug|Any CPU.Build.0 = Debug|Any CPU
		{5925F9F1-E387-498D-BD1F-0426183FC350}.Release|Any CPU.ActiveCfg = Release|Any CPU
		{5925F9F1-E387-498D-BD1F-0426183FC350}.Release|Any CPU.Build.0 = Release|Any CPU
		{0660366E-1C4B-4830-AC83-8E7D72AEB8FC}.Debug|Any CPU.ActiveCfg = Debug|Any CPU
		{0660366E-1C4B-4830-AC83-8E7D72AEB8FC}.Debug|Any CPU.Build.0 = Debug|Any CPU
		{0660366E-1C4B-4830-AC83-8E7D72AEB8FC}.Release|Any CPU.ActiveCfg = Release|Any CPU
		{0660366E-1C4B-4830-AC83-8E7D72AEB8FC}.Release|Any CPU.Build.0 = Release|Any CPU
		{2070C84F-7EED-49A0-A1E3-875FAD1E18C7}.Debug|Any CPU.ActiveCfg = Debug|Any CPU
		{2070C84F-7EED-49A0-A1E3-875FAD1E18C7}.Debug|Any CPU.Build.0 = Debug|Any CPU
		{2070C84F-7EED-49A0-A1E3-875FAD1E18C7}.Release|Any CPU.ActiveCfg = Release|Any CPU
		{2070C84F-7EED-49A0-A1E3-875FAD1E18C7}.Release|Any CPU.Build.0 = Release|Any CPU
	EndGlobalSection
	GlobalSection(SolutionProperties) = preSolution
		HideSolutionNode = FALSE
	EndGlobalSection
	GlobalSection(NestedProjects) = preSolution
		{7C53E485-14DD-4017-A992-193A405530AB} = {43BC4DE2-2D40-4CAC-9597-5BF6AFCC8903}
		{82716132-B9B0-4629-9D72-6D5E42F3EEDD} = {F332D047-B9A7-4B85-8359-9328589BED29}
		{2698738B-6626-4968-814F-6B22068ACAEF} = {999D48DF-22BC-40B8-A8C4-A9B5760B77AC}
		{5925F9F1-E387-498D-BD1F-0426183FC350} = {EDA85431-EA12-41C6-842E-5BF9DD194E99}
		{0660366E-1C4B-4830-AC83-8E7D72AEB8FC} = {58B68E22-17E0-4C13-970E-B147AB01CA36}
		{2070C84F-7EED-49A0-A1E3-875FAD1E18C7} = {58B68E22-17E0-4C13-970E-B147AB01CA36}
	EndGlobalSection
	GlobalSection(ExtensibilityGlobals) = postSolution
		SolutionGuid = {B22C9792-C11E-4F83-91D8-5ACFDDC0FC5E}
	EndGlobalSection
EndGlobal
